
Microsoft Visual Studio Solution File, Format Version 12.00
# Visual Studio Version 16
VisualStudioVersion = 16.0.29911.84
MinimumVisualStudioVersion = 10.0.40219.1
Project("{FAE04EC0-301F-11D3-BF4B-00C04F79EFBC}") = "ADOSample", "ADOSample\ADOSample.csproj", "{846E48BB-6824-4C86-A82E-BE040B3F1267}"
EndProject
Global
	GlobalSection(SolutionConfigurationPlatforms) = preSolution
		Debug|Any CPU = Debug|Any CPU
		Release|Any CPU = Release|Any CPU
	EndGlobalSection
	GlobalSection(ProjectConfigurationPlatforms) = postSolution
		{846E48BB-6824-4C86-A82E-BE040B3F1267}.Debug|Any CPU.ActiveCfg = Debug|Any CPU
		{846E48BB-6824-4C86-A82E-BE040B3F1267}.Debug|Any CPU.Build.0 = Debug|Any CPU
		{846E48BB-6824-4C86-A82E-BE040B3F1267}.Release|Any CPU.ActiveCfg = Release|Any CPU
		{846E48BB-6824-4C86-A82E-BE040B3F1267}.Release|Any CPU.Build.0 = Release|Any CPU
	EndGlobalSection
	GlobalSection(SolutionProperties) = preSolution
		HideSolutionNode = FALSE
	EndGlobalSection
	GlobalSection(ExtensibilityGlobals) = postSolution
		SolutionGuid = {7F6B41BC-EB34-4592-A86B-62DA5B8EC3C5}
	EndGlobalSection
EndGlobal
